
Microsoft Visual Studio Solution File, Format Version 12.00
# Visual Studio Version 17
VisualStudioVersion = 17.13.35931.197 d17.13
MinimumVisualStudioVersion = 10.0.40219.1
Project("{FAE04EC0-301F-11D3-BF4B-00C04F79EFBC}") = "ConsoleApp1", "ConsoleApp1\ConsoleApp1.csproj", "{0B008B5B-711C-48AE-B3D7-63C6016F79BD}"
EndProject
Global
	GlobalSection(SolutionConfigurationPlatforms) = preSolution
		Debug|Any CPU = Debug|Any CPU
		Release|Any CPU = Release|Any CPU
	EndGlobalSection
	GlobalSection(ProjectConfigurationPlatforms) = postSolution
		{0B008B5B-711C-48AE-B3D7-63C6016F79BD}.Debug|Any CPU.ActiveCfg = Debug|Any CPU
		{0B008B5B-711C-48AE-B3D7-63C6016F79BD}.Debug|Any CPU.Build.0 = Debug|Any CPU
		{0B008B5B-711C-48AE-B3D7-63C6016F79BD}.Release|Any CPU.ActiveCfg = Release|Any CPU
		{0B008B5B-711C-48AE-B3D7-63C6016F79BD}.Release|Any CPU.Build.0 = Release|Any CPU
	EndGlobalSection
	GlobalSection(SolutionProperties) = preSolution
		HideSolutionNode = FALSE
	EndGlobalSection
	GlobalSection(ExtensibilityGlobals) = postSolution
		SolutionGuid = {067B34BF-A946-4786-A55B-9BB926C1BF3A}
	EndGlobalSection
EndGlobal
